
Microsoft Visual Studio Solution File, Format Version 12.00
# Visual Studio Version 17
VisualStudioVersion = 17.1.32421.90
MinimumVisualStudioVersion = 10.0.40219.1
Project("{FAE04EC0-301F-11D3-BF4B-00C04F79EFBC}") = "ETITC_EquipmentControlAPI", "ETITC_EquipmentControlAPI\ETITC_EquipmentControlAPI.csproj", "{E1A8EBF5-039C-4395-B611-4B100F2BF11E}"
EndProject
Global
	GlobalSection(SolutionConfigurationPlatforms) = preSolution
		Debug|Any CPU = Debug|Any CPU
		Release|Any CPU = Release|Any CPU
	EndGlobalSection
	GlobalSection(ProjectConfigurationPlatforms) = postSolution
		{E1A8EBF5-039C-4395-B611-4B100F2BF11E}.Debug|Any CPU.ActiveCfg = Debug|Any CPU
		{E1A8EBF5-039C-4395-B611-4B100F2BF11E}.Debug|Any CPU.Build.0 = Debug|Any CPU
		{E1A8EBF5-039C-4395-B611-4B100F2BF11E}.Release|Any CPU.ActiveCfg = Release|Any CPU
		{E1A8EBF5-039C-4395-B611-4B100F2BF11E}.Release|Any CPU.Build.0 = Release|Any CPU
	EndGlobalSection
	GlobalSection(SolutionProperties) = preSolution
		HideSolutionNode = FALSE
	EndGlobalSection
	GlobalSection(ExtensibilityGlobals) = postSolution
		SolutionGuid = {AFAE26D3-A85E-477E-A27A-0ABB6AC2DCD3}
	EndGlobalSection
EndGlobal
